<?xml version="1.0" encoding="utf-8"?>
<Project ToolsVersion="4.0" xmlns="http://schemas.microsoft.com/developer/msbuild/2003">
  <ItemGroup>
    <Filter Include="__GLOBAL__">
      <UniqueIdentifier>{410b975c-f818-4462-9b28-15306c9c0098}</UniqueIdentifier>
    </Filter>
    <Filter Include="LIBRARY">
      <UniqueIdentifier>{64f61e8e-1ce4-4653-8f64-111c0b4dab20}</UniqueIdentifier>
    </Filter>
  </ItemGroup>
  <ItemGroup>
    <ClCompile Include="gtest_lib.cpp">
      <Filter>__GLOBAL__</Filter>
    </ClCompile>
    <ClCompile Include="stdafx.cpp">
      <Filter>__GLOBAL__</Filter>
    </ClCompile>
    <ClCompile Include="doubleNum.cpp">
      <Filter>LIBRARY</Filter>
    </ClCompile>
  </ItemGroup>
  <ItemGroup>
    <None Include="res\gtest_lib.rc2">
      <Filter>__GLOBAL__</Filter>
    </None>
    <None Include="gtest_lib.def">
      <Filter>__GLOBAL__</Filter>
    </None>
  </ItemGroup>
  <ItemGroup>
    <ClInclude Include="targetver.h">
      <Filter>__GLOBAL__</Filter>
    </ClInclude>
    <ClInclude Include="gtest_lib.h">
      <Filter>__GLOBAL__</Filter>
    </ClInclude>
    <ClInclude Include="Resource.h">
      <Filter>__GLOBAL__</Filter>
    </ClInclude>
    <ClInclude Include="stdafx.h">
      <Filter>__GLOBAL__</Filter>
    </ClInclude>
    <ClInclude Include="doubleNum.h">
      <Filter>LIBRARY</Filter>
    </ClInclude>
  </ItemGroup>
  <ItemGroup>
    <ResourceCompile Include="gtest_lib.rc">
      <Filter>__GLOBAL__</Filter>
    </ResourceCompile>
  </ItemGroup>
</Project>