<?xml version="1.0" encoding="utf-8"?>
<Project ToolsVersion="4.0" xmlns="http://schemas.microsoft.com/developer/msbuild/2003">
  <ItemGroup>
    <Filter Include="__GLOBAL__">
      <UniqueIdentifier>{83aa22fa-86a5-40cd-bcbf-802130eb8dbb}</UniqueIdentifier>
    </Filter>
    <Filter Include="__GLOBAL__\FILE">
      <UniqueIdentifier>{7c0aa983-5299-40f6-9790-a5ee7dc8faa8}</UniqueIdentifier>
    </Filter>
    <Filter Include="__GLOBAL__\RC">
      <UniqueIdentifier>{50e1cb51-a046-438b-989b-d2eb53b6c895}</UniqueIdentifier>
    </Filter>
    <Filter Include="VIEW">
      <UniqueIdentifier>{2b89a360-b80d-40ce-9b96-09ad6e697ca5}</UniqueIdentifier>
    </Filter>
  </ItemGroup>
  <ItemGroup>
    <ClCompile Include="pch.cpp">
      <Filter>__GLOBAL__</Filter>
    </ClCompile>
    <ClCompile Include="dllmain.cpp">
      <Filter>__GLOBAL__</Filter>
    </ClCompile>
    <ClCompile Include="GLView.cpp">
      <Filter>VIEW</Filter>
    </ClCompile>
    <ClCompile Include="GLCtrlView.cpp">
      <Filter>VIEW</Filter>
    </ClCompile>
  </ItemGroup>
  <ItemGroup>
    <None Include="res\MYEX_GL.rc2">
      <Filter>__GLOBAL__\RC</Filter>
    </None>
    <None Include="MYEX_GL.def">
      <Filter>__GLOBAL__</Filter>
    </None>
  </ItemGroup>
  <ItemGroup>
    <ClInclude Include="Resource.h">
      <Filter>__GLOBAL__\RC</Filter>
    </ClInclude>
    <ClInclude Include="framework.h">
      <Filter>__GLOBAL__</Filter>
    </ClInclude>
    <ClInclude Include="pch.h">
      <Filter>__GLOBAL__</Filter>
    </ClInclude>
    <ClInclude Include="targetver.h">
      <Filter>__GLOBAL__</Filter>
    </ClInclude>
    <ClInclude Include="LinkLib.h">
      <Filter>__GLOBAL__</Filter>
    </ClInclude>
    <ClInclude Include="GLView.h">
      <Filter>VIEW</Filter>
    </ClInclude>
    <ClInclude Include="GLCtrlView.h">
      <Filter>VIEW</Filter>
    </ClInclude>
  </ItemGroup>
  <ItemGroup>
    <ResourceCompile Include="MYEX_GL.rc">
      <Filter>__GLOBAL__\RC</Filter>
    </ResourceCompile>
  </ItemGroup>
</Project>