<?xml version="1.0" encoding="utf-8"?>
<Project ToolsVersion="4.0" xmlns="http://schemas.microsoft.com/developer/msbuild/2003">
  <ItemGroup>
    <Filter Include="__GLOBAL__">
      <UniqueIdentifier>{83aa22fa-86a5-40cd-bcbf-802130eb8dbb}</UniqueIdentifier>
    </Filter>
    <Filter Include="__GLOBAL__\FILE">
      <UniqueIdentifier>{7c0aa983-5299-40f6-9790-a5ee7dc8faa8}</UniqueIdentifier>
    </Filter>
    <Filter Include="__GLOBAL__\RC">
      <UniqueIdentifier>{50e1cb51-a046-438b-989b-d2eb53b6c895}</UniqueIdentifier>
    </Filter>
    <Filter Include="FRAME">
      <UniqueIdentifier>{280b1e0f-8260-498f-af7f-858ae5fe4baa}</UniqueIdentifier>
    </Filter>
    <Filter Include="SHADER">
      <UniqueIdentifier>{f1414db0-a871-43f9-b68b-7cee44dc0089}</UniqueIdentifier>
    </Filter>
  </ItemGroup>
  <ItemGroup>
    <ClCompile Include="pch.cpp">
      <Filter>__GLOBAL__</Filter>
    </ClCompile>
    <ClCompile Include="dllmain.cpp">
      <Filter>__GLOBAL__</Filter>
    </ClCompile>
    <ClCompile Include="FrameBuffer.cpp">
      <Filter>FRAME</Filter>
    </ClCompile>
    <ClCompile Include="FrameBufferManager.cpp">
      <Filter>FRAME</Filter>
    </ClCompile>
    <ClCompile Include="Shader.cpp">
      <Filter>SHADER</Filter>
    </ClCompile>
    <ClCompile Include="ShaderManager.cpp">
      <Filter>SHADER</Filter>
    </ClCompile>
  </ItemGroup>
  <ItemGroup>
    <None Include="res\MYEX_GL.rc2">
      <Filter>__GLOBAL__\RC</Filter>
    </None>
    <None Include="MYEX_GL.def">
      <Filter>__GLOBAL__</Filter>
    </None>
    <None Include="res\GLSL\scene.frag">
      <Filter>__GLOBAL__\FILE</Filter>
    </None>
    <None Include="res\GLSL\scene.vert">
      <Filter>__GLOBAL__\FILE</Filter>
    </None>
  </ItemGroup>
  <ItemGroup>
    <ClInclude Include="Resource.h">
      <Filter>__GLOBAL__\RC</Filter>
    </ClInclude>
    <ClInclude Include="framework.h">
      <Filter>__GLOBAL__</Filter>
    </ClInclude>
    <ClInclude Include="pch.h">
      <Filter>__GLOBAL__</Filter>
    </ClInclude>
    <ClInclude Include="targetver.h">
      <Filter>__GLOBAL__</Filter>
    </ClInclude>
    <ClInclude Include="LinkLib.h">
      <Filter>__GLOBAL__</Filter>
    </ClInclude>
    <ClInclude Include="FrameBuffer.h">
      <Filter>FRAME</Filter>
    </ClInclude>
    <ClInclude Include="FrameBufferDefine.h">
      <Filter>FRAME</Filter>
    </ClInclude>
    <ClInclude Include="FrameBufferManager.h">
      <Filter>FRAME</Filter>
    </ClInclude>
    <ClInclude Include="Shader.h">
      <Filter>SHADER</Filter>
    </ClInclude>
    <ClInclude Include="ShaderDefine.h">
      <Filter>SHADER</Filter>
    </ClInclude>
    <ClInclude Include="ShaderManager.h">
      <Filter>SHADER</Filter>
    </ClInclude>
  </ItemGroup>
  <ItemGroup>
    <ResourceCompile Include="MYEX_GL.rc">
      <Filter>__GLOBAL__\RC</Filter>
    </ResourceCompile>
  </ItemGroup>
</Project>