<?xml version="1.0" encoding="utf-8"?>
<Project ToolsVersion="4.0" xmlns="http://schemas.microsoft.com/developer/msbuild/2003">
  <ItemGroup>
    <Filter Include="__GLOBAL__">
      <UniqueIdentifier>{f2ccd93b-de17-4140-be32-2a297b92a6eb}</UniqueIdentifier>
    </Filter>
    <Filter Include="__GLOBAL__\RC">
      <UniqueIdentifier>{f022f072-a3e9-4c6b-ac64-c642b536ec76}</UniqueIdentifier>
    </Filter>
    <Filter Include="__GLOBAL__\FILE">
      <UniqueIdentifier>{e98ec37a-987e-42bc-8fc5-d47188fb0532}</UniqueIdentifier>
    </Filter>
    <Filter Include="FILE">
      <UniqueIdentifier>{d2ceaa50-abd8-4728-a439-fd788607ff64}</UniqueIdentifier>
    </Filter>
  </ItemGroup>
  <ItemGroup>
    <ClCompile Include="pch.cpp">
      <Filter>__GLOBAL__</Filter>
    </ClCompile>
    <ClCompile Include="dllmain.cpp">
      <Filter>__GLOBAL__</Filter>
    </ClCompile>
    <ClCompile Include="AssimpFile.cpp">
      <Filter>FILE</Filter>
    </ClCompile>
  </ItemGroup>
  <ItemGroup>
    <None Include="res\MYAPP_COM.rc2">
      <Filter>__GLOBAL__\RC</Filter>
    </None>
    <None Include="MYAPP_COM.def">
      <Filter>__GLOBAL__</Filter>
    </None>
  </ItemGroup>
  <ItemGroup>
    <ClInclude Include="Resource.h">
      <Filter>__GLOBAL__\RC</Filter>
    </ClInclude>
    <ClInclude Include="framework.h">
      <Filter>__GLOBAL__</Filter>
    </ClInclude>
    <ClInclude Include="pch.h">
      <Filter>__GLOBAL__</Filter>
    </ClInclude>
    <ClInclude Include="targetver.h">
      <Filter>__GLOBAL__</Filter>
    </ClInclude>
    <ClInclude Include="LinkLib.h">
      <Filter>__GLOBAL__</Filter>
    </ClInclude>
    <ClInclude Include="AssimpFile.h">
      <Filter>FILE</Filter>
    </ClInclude>
  </ItemGroup>
  <ItemGroup>
    <ResourceCompile Include="MYAPP_COM.rc">
      <Filter>__GLOBAL__\RC</Filter>
    </ResourceCompile>
  </ItemGroup>
</Project>