<?xml version="1.0" encoding="utf-8"?>
<Project ToolsVersion="4.0" xmlns="http://schemas.microsoft.com/developer/msbuild/2003">
  <ItemGroup>
    <Filter Include="__GLOBAL__">
      <UniqueIdentifier>{d3d43430-b1ff-471c-ba8a-7e59607915d3}</UniqueIdentifier>
    </Filter>
    <Filter Include="__GLOBAL__\FILE">
      <UniqueIdentifier>{73c77200-e0fb-4017-a99a-aecac4a7ae35}</UniqueIdentifier>
    </Filter>
    <Filter Include="__GLOBAL__\RC">
      <UniqueIdentifier>{4e9242c8-4b3a-4be8-b21f-fa599876638d}</UniqueIdentifier>
    </Filter>
    <Filter Include="DIALOG">
      <UniqueIdentifier>{70bc51f5-f4e1-4613-9350-776e90021958}</UniqueIdentifier>
    </Filter>
    <Filter Include="COMMON">
      <UniqueIdentifier>{bc2def08-550f-41ca-90be-8bba58ba2357}</UniqueIdentifier>
    </Filter>
  </ItemGroup>
  <ItemGroup>
    <ClCompile Include="pch.cpp">
      <Filter>__GLOBAL__</Filter>
    </ClCompile>
    <ClCompile Include="DocBase.cpp">
      <Filter>COMMON</Filter>
    </ClCompile>
    <ClCompile Include="dllmain.cpp">
      <Filter>__GLOBAL__</Filter>
    </ClCompile>
    <ClCompile Include="MYDialog.cpp">
      <Filter>DIALOG</Filter>
    </ClCompile>
    <ClCompile Include="ViewBase.cpp">
      <Filter>COMMON</Filter>
    </ClCompile>
  </ItemGroup>
  <ItemGroup>
    <None Include="res\MYEX_BASE.rc2">
      <Filter>__GLOBAL__\RC</Filter>
    </None>
    <None Include="MYEX_BASE.def">
      <Filter>__GLOBAL__</Filter>
    </None>
  </ItemGroup>
  <ItemGroup>
    <ClInclude Include="Resource.h">
      <Filter>__GLOBAL__\RC</Filter>
    </ClInclude>
    <ClInclude Include="framework.h">
      <Filter>__GLOBAL__</Filter>
    </ClInclude>
    <ClInclude Include="pch.h">
      <Filter>__GLOBAL__</Filter>
    </ClInclude>
    <ClInclude Include="targetver.h">
      <Filter>__GLOBAL__</Filter>
    </ClInclude>
    <ClInclude Include="LinkLib.h">
      <Filter>__GLOBAL__</Filter>
    </ClInclude>
    <ClInclude Include="DocBase.h">
      <Filter>COMMON</Filter>
    </ClInclude>
    <ClInclude Include="MYDialog.h">
      <Filter>DIALOG</Filter>
    </ClInclude>
    <ClInclude Include="ViewBase.h">
      <Filter>COMMON</Filter>
    </ClInclude>
  </ItemGroup>
  <ItemGroup>
    <ResourceCompile Include="MYEX_BASE.rc">
      <Filter>__GLOBAL__\RC</Filter>
    </ResourceCompile>
  </ItemGroup>
</Project>