<?xml version="1.0" encoding="utf-8"?>
<Project ToolsVersion="4.0" xmlns="http://schemas.microsoft.com/developer/msbuild/2003">
  <ItemGroup>
    <Filter Include="__GLOBAL__">
      <UniqueIdentifier>{5078dd98-670f-42ff-bc39-cb8133ea17c4}</UniqueIdentifier>
    </Filter>
    <Filter Include="__GLOBAL__\FILE">
      <UniqueIdentifier>{85655018-5d0d-4199-a30c-6ced4bf4bb64}</UniqueIdentifier>
    </Filter>
    <Filter Include="__GLOBAL__\RC">
      <UniqueIdentifier>{b1d2e9ba-6277-4c59-a134-77a9240dd7fc}</UniqueIdentifier>
    </Filter>
    <Filter Include="DATABASE">
      <UniqueIdentifier>{850fe4d5-5853-4644-a7ca-b3fbd3fb5f63}</UniqueIdentifier>
    </Filter>
  </ItemGroup>
  <ItemGroup>
    <ClCompile Include="stdafx.cpp">
      <Filter>__GLOBAL__</Filter>
    </ClCompile>
    <ClCompile Include="ExDBSession.cpp" />
    <ClCompile Include="ExData.cpp" />
    <ClCompile Include="Package.cpp">
      <Filter>DATABASE</Filter>
    </ClCompile>
    <ClCompile Include="Module.cpp">
      <Filter>DATABASE</Filter>
    </ClCompile>
    <ClCompile Include="dllmain.cpp">
      <Filter>__GLOBAL__</Filter>
    </ClCompile>
  </ItemGroup>
  <ItemGroup>
    <None Include="res\MYEX_DB.rc2">
      <Filter>__GLOBAL__\RC</Filter>
    </None>
    <None Include="MYEX_DB.def">
      <Filter>__GLOBAL__</Filter>
    </None>
  </ItemGroup>
  <ItemGroup>
    <ClInclude Include="Resource.h">
      <Filter>__GLOBAL__\RC</Filter>
    </ClInclude>
    <ClInclude Include="stdafx.h">
      <Filter>__GLOBAL__</Filter>
    </ClInclude>
    <ClInclude Include="targetver.h">
      <Filter>__GLOBAL__</Filter>
    </ClInclude>
    <ClInclude Include="LinkLib.h">
      <Filter>__GLOBAL__</Filter>
    </ClInclude>
    <ClInclude Include="ExDBSession.h" />
    <ClInclude Include="ExData.h" />
    <ClInclude Include="Package.h">
      <Filter>DATABASE</Filter>
    </ClInclude>
    <ClInclude Include="Module.h">
      <Filter>DATABASE</Filter>
    </ClInclude>
    <ClInclude Include="ModuleBase.hpp">
      <Filter>DATABASE</Filter>
    </ClInclude>
  </ItemGroup>
  <ItemGroup>
    <ResourceCompile Include="MYEX_DB.rc">
      <Filter>__GLOBAL__\RC</Filter>
    </ResourceCompile>
  </ItemGroup>
</Project>