<?xml version="1.0" encoding="utf-8"?>
<Project ToolsVersion="4.0" xmlns="http://schemas.microsoft.com/developer/msbuild/2003">
  <ItemGroup>
    <Filter Include="__GLOBAL__">
      <UniqueIdentifier>{8250f4cc-c9d4-42a9-81ab-88dd3fcebffc}</UniqueIdentifier>
    </Filter>
    <Filter Include="__GLOBAL__\FILE">
      <UniqueIdentifier>{c4f4e979-c24f-40d5-a019-3e98190ec2e5}</UniqueIdentifier>
    </Filter>
    <Filter Include="__GLOBAL__\RC">
      <UniqueIdentifier>{a5ec6a1f-52a1-4080-8be9-74da90cb3651}</UniqueIdentifier>
    </Filter>
    <Filter Include="LIBRARY">
      <UniqueIdentifier>{82b3202b-ec6b-449e-abaf-0a9760e85c69}</UniqueIdentifier>
    </Filter>
    <Filter Include="DEFINE">
      <UniqueIdentifier>{5c1b0ee6-20b1-427c-8d0c-00d00e5a937f}</UniqueIdentifier>
    </Filter>
    <Filter Include="INTERFACE">
      <UniqueIdentifier>{641b91ea-c762-454b-829b-d4a7da9fe783}</UniqueIdentifier>
    </Filter>
    <Filter Include="LIBRARY\Zip">
      <UniqueIdentifier>{138b4a10-d958-4dd6-a11e-01b200fbe59e}</UniqueIdentifier>
    </Filter>
    <Filter Include="LIBRARY\Math">
      <UniqueIdentifier>{0ee586a8-9eab-435f-bbdf-a7bade3a1e61}</UniqueIdentifier>
    </Filter>
    <Filter Include="LIBRARY\String">
      <UniqueIdentifier>{c4fbe6a1-43f7-4379-a7ff-dde848ff6f7d}</UniqueIdentifier>
    </Filter>
  </ItemGroup>
  <ItemGroup>
    <ClCompile Include="stdafx.cpp">
      <Filter>__GLOBAL__</Filter>
    </ClCompile>
    <ClCompile Include="MYEX_LIB.cpp">
      <Filter>__GLOBAL__</Filter>
    </ClCompile>
    <ClCompile Include="StringLib.cpp">
      <Filter>LIBRARY\String</Filter>
    </ClCompile>
    <ClCompile Include="MathLib.cpp">
      <Filter>LIBRARY\Math</Filter>
    </ClCompile>
    <ClCompile Include="ExMathLib.cpp">
      <Filter>LIBRARY\Math</Filter>
    </ClCompile>
    <ClCompile Include="ZipLib.cpp">
      <Filter>LIBRARY\Zip</Filter>
    </ClCompile>
  </ItemGroup>
  <ItemGroup>
    <None Include="res\MYEX_LIB.rc2">
      <Filter>__GLOBAL__\RC</Filter>
    </None>
    <None Include="MYEX_LIB.def">
      <Filter>__GLOBAL__</Filter>
    </None>
  </ItemGroup>
  <ItemGroup>
    <ClInclude Include="Resource.h">
      <Filter>__GLOBAL__\RC</Filter>
    </ClInclude>
    <ClInclude Include="targetver.h">
      <Filter>__GLOBAL__</Filter>
    </ClInclude>
    <ClInclude Include="stdafx.h">
      <Filter>__GLOBAL__</Filter>
    </ClInclude>
    <ClInclude Include="MYEX_LIB.h">
      <Filter>__GLOBAL__</Filter>
    </ClInclude>
    <ClInclude Include="LinkLib.h">
      <Filter>__GLOBAL__</Filter>
    </ClInclude>
    <ClInclude Include="..\..\include\v141\plugin\AllProjectInclude.h">
      <Filter>DEFINE</Filter>
    </ClInclude>
    <ClInclude Include="..\..\include\v141\plugin\GlobalDefine.h">
      <Filter>DEFINE</Filter>
    </ClInclude>
    <ClInclude Include="StringLib.h">
      <Filter>LIBRARY\String</Filter>
    </ClInclude>
    <ClInclude Include="MathLib.h">
      <Filter>LIBRARY\Math</Filter>
    </ClInclude>
    <ClInclude Include="ExMathLib.h">
      <Filter>LIBRARY\Math</Filter>
    </ClInclude>
    <ClInclude Include="ZipLib.h">
      <Filter>LIBRARY\Zip</Filter>
    </ClInclude>
  </ItemGroup>
  <ItemGroup>
    <ResourceCompile Include="MYEX_LIB.rc">
      <Filter>__GLOBAL__\RC</Filter>
    </ResourceCompile>
  </ItemGroup>
</Project>