<?xml version="1.0" encoding="utf-8"?>
<Project ToolsVersion="4.0" xmlns="http://schemas.microsoft.com/developer/msbuild/2003">
  <ItemGroup>
    <Filter Include="__GLOBAL__">
      <UniqueIdentifier>{c2870892-5f0e-4cce-8794-e27251ae6588}</UniqueIdentifier>
    </Filter>
    <Filter Include="__GLOBAL__\FILE">
      <UniqueIdentifier>{48c38b62-35ca-4314-bc01-f3c42e87789c}</UniqueIdentifier>
    </Filter>
    <Filter Include="MAIN">
      <UniqueIdentifier>{8eb4eec5-1f5e-4c3f-8913-2f4e76572fb9}</UniqueIdentifier>
    </Filter>
    <Filter Include="__GLOBAL__\RC">
      <UniqueIdentifier>{d4676e5b-0ce3-4d06-904b-1e50f2c180bd}</UniqueIdentifier>
    </Filter>
    <Filter Include="MAIN\Category">
      <UniqueIdentifier>{d81a1442-606a-4443-b834-95ac8a3f1693}</UniqueIdentifier>
    </Filter>
    <Filter Include="MAIN\Frame">
      <UniqueIdentifier>{b26251b0-57a4-49cf-a97e-a670fefe6ca2}</UniqueIdentifier>
    </Filter>
    <Filter Include="MAIN\Category\Implement">
      <UniqueIdentifier>{a6b7ef94-1d02-4e24-b97b-a9791ae6e2e5}</UniqueIdentifier>
    </Filter>
    <Filter Include="EXTENSION">
      <UniqueIdentifier>{efe72beb-2101-4a13-8945-d45965e0d254}</UniqueIdentifier>
    </Filter>
    <Filter Include="DATABASE">
      <UniqueIdentifier>{a3995229-c821-4cf9-9229-915852ea714e}</UniqueIdentifier>
    </Filter>
  </ItemGroup>
  <ItemGroup>
    <ClInclude Include="stdafx.h">
      <Filter>__GLOBAL__</Filter>
    </ClInclude>
    <ClInclude Include="targetver.h">
      <Filter>__GLOBAL__</Filter>
    </ClInclude>
    <ClInclude Include="MYEX.h">
      <Filter>MAIN</Filter>
    </ClInclude>
    <ClInclude Include="MYEXView.h">
      <Filter>MAIN</Filter>
    </ClInclude>
    <ClInclude Include="MYEXDoc.h">
      <Filter>MAIN</Filter>
    </ClInclude>
    <ClInclude Include="calendarbar.h">
      <Filter>MAIN</Filter>
    </ClInclude>
    <ClInclude Include="Resource.h">
      <Filter>__GLOBAL__\RC</Filter>
    </ClInclude>
    <ClInclude Include="ExCategoryManager.h">
      <Filter>MAIN\Category</Filter>
    </ClInclude>
    <ClInclude Include="ExCategoryBase.h">
      <Filter>MAIN\Category</Filter>
    </ClInclude>
    <ClInclude Include="ExCategoryDefine.h">
      <Filter>MAIN\Category</Filter>
    </ClInclude>
    <ClInclude Include="MainFrm.h">
      <Filter>MAIN\Frame</Filter>
    </ClInclude>
    <ClInclude Include="ChildFrm.h">
      <Filter>MAIN\Frame</Filter>
    </ClInclude>
    <ClInclude Include="ExCategoryExample.h">
      <Filter>MAIN\Category\Implement</Filter>
    </ClInclude>
    <ClInclude Include="ExtDllManager.h">
      <Filter>EXTENSION</Filter>
    </ClInclude>
    <ClInclude Include="MYEXPackage.h">
      <Filter>DATABASE</Filter>
    </ClInclude>
  </ItemGroup>
  <ItemGroup>
    <ClCompile Include="stdafx.cpp">
      <Filter>__GLOBAL__</Filter>
    </ClCompile>
    <ClCompile Include="MYEX.cpp">
      <Filter>MAIN</Filter>
    </ClCompile>
    <ClCompile Include="MYEXView.cpp">
      <Filter>MAIN</Filter>
    </ClCompile>
    <ClCompile Include="MYEXDoc.cpp">
      <Filter>MAIN</Filter>
    </ClCompile>
    <ClCompile Include="calendarbar.cpp">
      <Filter>MAIN</Filter>
    </ClCompile>
    <ClCompile Include="ExCategoryManager.cpp">
      <Filter>MAIN\Category</Filter>
    </ClCompile>
    <ClCompile Include="ExCategoryBase.cpp">
      <Filter>MAIN\Category</Filter>
    </ClCompile>
    <ClCompile Include="ChildFrm.cpp">
      <Filter>MAIN\Frame</Filter>
    </ClCompile>
    <ClCompile Include="MainFrm.cpp">
      <Filter>MAIN\Frame</Filter>
    </ClCompile>
    <ClCompile Include="ExCategoryExample.cpp">
      <Filter>MAIN\Category\Implement</Filter>
    </ClCompile>
    <ClCompile Include="ExtDllManager.cpp">
      <Filter>EXTENSION</Filter>
    </ClCompile>
    <ClCompile Include="MYEXPackage.cpp">
      <Filter>DATABASE</Filter>
    </ClCompile>
  </ItemGroup>
  <ItemGroup>
    <None Include="res\ribbon.mfcribbon-ms">
      <Filter>__GLOBAL__\FILE</Filter>
    </None>
    <None Include="MYEX.reg">
      <Filter>__GLOBAL__</Filter>
    </None>
    <None Include="res\MYEX.rc2">
      <Filter>__GLOBAL__\RC</Filter>
    </None>
  </ItemGroup>
  <ItemGroup>
    <Image Include="res\writesmall.bmp">
      <Filter>__GLOBAL__\FILE</Filter>
    </Image>
    <Image Include="res\buttons.bmp">
      <Filter>__GLOBAL__\FILE</Filter>
    </Image>
    <Image Include="res\filelarge.bmp">
      <Filter>__GLOBAL__\FILE</Filter>
    </Image>
    <Image Include="res\filesmall.bmp">
      <Filter>__GLOBAL__\FILE</Filter>
    </Image>
    <Image Include="res\info.bmp">
      <Filter>__GLOBAL__\FILE</Filter>
    </Image>
    <Image Include="res\main.bmp">
      <Filter>__GLOBAL__\FILE</Filter>
    </Image>
    <Image Include="res\MYEX.ico">
      <Filter>__GLOBAL__\FILE</Filter>
    </Image>
    <Image Include="res\MYEXDoc.ico">
      <Filter>__GLOBAL__\FILE</Filter>
    </Image>
    <Image Include="res\nav_large.bmp">
      <Filter>__GLOBAL__\FILE</Filter>
    </Image>
    <Image Include="res\nav_large_hc.bmp">
      <Filter>__GLOBAL__\FILE</Filter>
    </Image>
    <Image Include="res\pages.bmp">
      <Filter>__GLOBAL__\FILE</Filter>
    </Image>
    <Image Include="res\pages_hc.bmp">
      <Filter>__GLOBAL__\FILE</Filter>
    </Image>
    <Image Include="res\pages_small.bmp">
      <Filter>__GLOBAL__\FILE</Filter>
    </Image>
    <Image Include="res\pages_small_hc.bmp">
      <Filter>__GLOBAL__\FILE</Filter>
    </Image>
    <Image Include="res\Toolbar.bmp">
      <Filter>__GLOBAL__\FILE</Filter>
    </Image>
    <Image Include="res\Toolbar256.bmp">
      <Filter>__GLOBAL__\FILE</Filter>
    </Image>
    <Image Include="res\writelarge.bmp">
      <Filter>__GLOBAL__\FILE</Filter>
    </Image>
    <Image Include="res\MENU_EXAMPLE_19.bmp">
      <Filter>__GLOBAL__\FILE</Filter>
    </Image>
    <Image Include="res\MENU_EXAMPLE_32.bmp">
      <Filter>__GLOBAL__\FILE</Filter>
    </Image>
  </ItemGroup>
  <ItemGroup>
    <ResourceCompile Include="MYEX.rc">
      <Filter>__GLOBAL__\RC</Filter>
    </ResourceCompile>
  </ItemGroup>
</Project>