<?xml version="1.0" encoding="utf-8"?>
<Project ToolsVersion="4.0" xmlns="http://schemas.microsoft.com/developer/msbuild/2003">
  <ItemGroup>
    <Filter Include="__GLOBAL__">
      <UniqueIdentifier>{f6b26f9d-0bd4-400e-a5a0-5e9c6b968bcf}</UniqueIdentifier>
    </Filter>
  </ItemGroup>
  <ItemGroup>
    <ClInclude Include="gtest_sample.h">
      <Filter>__GLOBAL__</Filter>
    </ClInclude>
    <ClInclude Include="Resource.h">
      <Filter>__GLOBAL__</Filter>
    </ClInclude>
    <ClInclude Include="gtest_sampleDlg.h">
      <Filter>__GLOBAL__</Filter>
    </ClInclude>
    <ClInclude Include="stdafx.h">
      <Filter>__GLOBAL__</Filter>
    </ClInclude>
    <ClInclude Include="targetver.h">
      <Filter>__GLOBAL__</Filter>
    </ClInclude>
  </ItemGroup>
  <ItemGroup>
    <ClCompile Include="gtest_sample.cpp">
      <Filter>__GLOBAL__</Filter>
    </ClCompile>
    <ClCompile Include="gtest_sampleDlg.cpp">
      <Filter>__GLOBAL__</Filter>
    </ClCompile>
    <ClCompile Include="stdafx.cpp">
      <Filter>__GLOBAL__</Filter>
    </ClCompile>
  </ItemGroup>
  <ItemGroup>
    <Image Include="res\gtest_sample.ico">
      <Filter>__GLOBAL__</Filter>
    </Image>
  </ItemGroup>
  <ItemGroup>
    <ResourceCompile Include="gtestsample.rc">
      <Filter>__GLOBAL__</Filter>
    </ResourceCompile>
  </ItemGroup>
  <ItemGroup>
    <None Include="res\gtestsample.rc2">
      <Filter>__GLOBAL__</Filter>
    </None>
  </ItemGroup>
</Project>