<?xml version="1.0" encoding="utf-8"?>
<Project ToolsVersion="4.0" xmlns="http://schemas.microsoft.com/developer/msbuild/2003">
  <ItemGroup>
    <Filter Include="__GLOBAL__">
      <UniqueIdentifier>{3797971f-4ca0-4458-8a36-dbf113b35f87}</UniqueIdentifier>
    </Filter>
    <Filter Include="__GLOBAL__\RC">
      <UniqueIdentifier>{7649805d-6aaa-4466-a823-7758f16f7de9}</UniqueIdentifier>
    </Filter>
    <Filter Include="__GLOBAL__\FILE">
      <UniqueIdentifier>{87c7a1d3-9aa3-4e48-beae-628f310a33a6}</UniqueIdentifier>
    </Filter>
    <Filter Include="COMMON">
      <UniqueIdentifier>{0a986a02-d529-4c57-831e-8a377ebeab16}</UniqueIdentifier>
    </Filter>
    <Filter Include="FILE">
      <UniqueIdentifier>{4e8f5a87-88d8-486a-b667-c09e1432bfe2}</UniqueIdentifier>
    </Filter>
    <Filter Include="FILE\Assimp">
      <UniqueIdentifier>{9cd8c02f-761c-4e0c-b90a-ae56205a38b9}</UniqueIdentifier>
    </Filter>
  </ItemGroup>
  <ItemGroup>
    <ClCompile Include="pch.cpp">
      <Filter>__GLOBAL__</Filter>
    </ClCompile>
    <ClCompile Include="dllmain.cpp">
      <Filter>__GLOBAL__</Filter>
    </ClCompile>
    <ClCompile Include="AppDocBase.cpp">
      <Filter>COMMON</Filter>
    </ClCompile>
    <ClCompile Include="AppViewBase.cpp">
      <Filter>COMMON</Filter>
    </ClCompile>
    <ClCompile Include="AssimpFile.cpp">
      <Filter>FILE\Assimp</Filter>
    </ClCompile>
  </ItemGroup>
  <ItemGroup>
    <None Include="res\MYAPP_BASE.rc2">
      <Filter>__GLOBAL__\RC</Filter>
    </None>
    <None Include="MYAPP_BASE.def">
      <Filter>__GLOBAL__</Filter>
    </None>
  </ItemGroup>
  <ItemGroup>
    <ClInclude Include="Resource.h">
      <Filter>__GLOBAL__\RC</Filter>
    </ClInclude>
    <ClInclude Include="framework.h">
      <Filter>__GLOBAL__</Filter>
    </ClInclude>
    <ClInclude Include="pch.h">
      <Filter>__GLOBAL__</Filter>
    </ClInclude>
    <ClInclude Include="targetver.h">
      <Filter>__GLOBAL__</Filter>
    </ClInclude>
    <ClInclude Include="LinkLib.h">
      <Filter>__GLOBAL__</Filter>
    </ClInclude>
    <ClInclude Include="AppDocBase.h">
      <Filter>COMMON</Filter>
    </ClInclude>
    <ClInclude Include="AppViewBase.h">
      <Filter>COMMON</Filter>
    </ClInclude>
    <ClInclude Include="AssimpFile.h">
      <Filter>FILE\Assimp</Filter>
    </ClInclude>
  </ItemGroup>
  <ItemGroup>
    <ResourceCompile Include="MYAPP_BASE.rc">
      <Filter>__GLOBAL__\RC</Filter>
    </ResourceCompile>
  </ItemGroup>
</Project>