<?xml version="1.0" encoding="utf-8"?>
<Project ToolsVersion="4.0" xmlns="http://schemas.microsoft.com/developer/msbuild/2003">
  <ItemGroup>
    <Filter Include="__GLOBAL__">
      <UniqueIdentifier>{3797971f-4ca0-4458-8a36-dbf113b35f87}</UniqueIdentifier>
    </Filter>
    <Filter Include="__GLOBAL__\RC">
      <UniqueIdentifier>{7649805d-6aaa-4466-a823-7758f16f7de9}</UniqueIdentifier>
    </Filter>
    <Filter Include="__GLOBAL__\FILE">
      <UniqueIdentifier>{87c7a1d3-9aa3-4e48-beae-628f310a33a6}</UniqueIdentifier>
    </Filter>
    <Filter Include="COMMON">
      <UniqueIdentifier>{0a986a02-d529-4c57-831e-8a377ebeab16}</UniqueIdentifier>
    </Filter>
    <Filter Include="RENDER">
      <UniqueIdentifier>{05218a8b-52a0-44e8-9418-d46cdb89341b}</UniqueIdentifier>
    </Filter>
    <Filter Include="RENDER\Phone">
      <UniqueIdentifier>{fd3c3720-9c45-46fc-8ae1-d647887dc1db}</UniqueIdentifier>
    </Filter>
  </ItemGroup>
  <ItemGroup>
    <ClCompile Include="pch.cpp">
      <Filter>__GLOBAL__</Filter>
    </ClCompile>
    <ClCompile Include="dllmain.cpp">
      <Filter>__GLOBAL__</Filter>
    </ClCompile>
    <ClCompile Include="AppDocBase.cpp">
      <Filter>COMMON</Filter>
    </ClCompile>
    <ClCompile Include="AppViewBase.cpp">
      <Filter>COMMON</Filter>
    </ClCompile>
    <ClCompile Include="PhongRender.cpp">
      <Filter>RENDER\Phone</Filter>
    </ClCompile>
    <ClCompile Include="MeshPrimitive.cpp">
      <Filter>RENDER</Filter>
    </ClCompile>
  </ItemGroup>
  <ItemGroup>
    <None Include="res\MYAPP_BASE.rc2">
      <Filter>__GLOBAL__\RC</Filter>
    </None>
    <None Include="MYAPP_BASE.def">
      <Filter>__GLOBAL__</Filter>
    </None>
  </ItemGroup>
  <ItemGroup>
    <ClInclude Include="Resource.h">
      <Filter>__GLOBAL__\RC</Filter>
    </ClInclude>
    <ClInclude Include="framework.h">
      <Filter>__GLOBAL__</Filter>
    </ClInclude>
    <ClInclude Include="pch.h">
      <Filter>__GLOBAL__</Filter>
    </ClInclude>
    <ClInclude Include="targetver.h">
      <Filter>__GLOBAL__</Filter>
    </ClInclude>
    <ClInclude Include="LinkLib.h">
      <Filter>__GLOBAL__</Filter>
    </ClInclude>
    <ClInclude Include="AppDocBase.h">
      <Filter>COMMON</Filter>
    </ClInclude>
    <ClInclude Include="AppViewBase.h">
      <Filter>COMMON</Filter>
    </ClInclude>
    <ClInclude Include="PhongRender.h">
      <Filter>RENDER\Phone</Filter>
    </ClInclude>
    <ClInclude Include="RenderDefine.h">
      <Filter>RENDER</Filter>
    </ClInclude>
    <ClInclude Include="MeshPrimitive.h">
      <Filter>RENDER</Filter>
    </ClInclude>
  </ItemGroup>
  <ItemGroup>
    <ResourceCompile Include="MYAPP_BASE.rc">
      <Filter>__GLOBAL__\RC</Filter>
    </ResourceCompile>
  </ItemGroup>
</Project>