
Microsoft Visual Studio Solution File, Format Version 12.00
# Visual Studio 15
VisualStudioVersion = 15.0.28307.902
MinimumVisualStudioVersion = 10.0.40219.1
Project("{8BC9CEB8-8B4A-11D0-8D11-00A0C91BC942}") = "MYEX", "MYEX\MYEX.vcxproj", "{7E161BB2-305A-46A3-B7B1-9A7DF51618DC}"
EndProject
Project("{8BC9CEB8-8B4A-11D0-8D11-00A0C91BC942}") = "MYEX_LIB", "MYEX_LIB\MYEX_LIB.vcxproj", "{64BAB088-ED18-49CA-95E6-95DF8FF464BF}"
EndProject
Project("{8BC9CEB8-8B4A-11D0-8D11-00A0C91BC942}") = "MYEX_DB", "MYEX_DB\MYEX_DB.vcxproj", "{7C979127-0DBE-4486-A704-B0166DD6238C}"
EndProject
Project("{2150E333-8FDC-42A3-9474-1A3956D46DE8}") = "02. Plugin", "02. Plugin", "{72C8E39E-EC1C-4C15-8EE9-A63D8E07CE16}"
EndProject
Project("{8BC9CEB8-8B4A-11D0-8D11-00A0C91BC942}") = "MYEX_GTEST", "MYEX_GTEST\MYEX_GTEST.vcxproj", "{2DCC1640-1392-4821-9F03-7B2FD06AD92F}"
EndProject
Project("{2150E333-8FDC-42A3-9474-1A3956D46DE8}") = "00. Engine", "00. Engine", "{072411F1-730D-4CA1-B036-55E81E44DBAE}"
EndProject
Project("{2150E333-8FDC-42A3-9474-1A3956D46DE8}") = "01. Application", "01. Application", "{45EA73B0-3013-40D3-9B87-34DC3300478E}"
EndProject
Project("{8BC9CEB8-8B4A-11D0-8D11-00A0C91BC942}") = "MYEX_BASE", "MYEX_BASE\MYEX_BASE.vcxproj", "{83860C17-E491-4A7B-988A-8BC40E296E82}"
EndProject
Project("{8BC9CEB8-8B4A-11D0-8D11-00A0C91BC942}") = "MYEX_UI", "MYEX_UI\MYEX_UI.vcxproj", "{7EBC9928-CED9-4BBE-AE9F-E63259D520B9}"
	ProjectSection(ProjectDependencies) = postProject
		{83860C17-E491-4A7B-988A-8BC40E296E82} = {83860C17-E491-4A7B-988A-8BC40E296E82}
		{7C979127-0DBE-4486-A704-B0166DD6238C} = {7C979127-0DBE-4486-A704-B0166DD6238C}
		{64BAB088-ED18-49CA-95E6-95DF8FF464BF} = {64BAB088-ED18-49CA-95E6-95DF8FF464BF}
	EndProjectSection
EndProject
Project("{8BC9CEB8-8B4A-11D0-8D11-00A0C91BC942}") = "MYEX_GL", "MYEX_GL\MYEX_GL.vcxproj", "{E680DD13-BBA3-482B-B961-3D7C4EC0E775}"
EndProject
Project("{8BC9CEB8-8B4A-11D0-8D11-00A0C91BC942}") = "MYAPP_UI", "MYAPP_UI\MYAPP_UI.vcxproj", "{98D322B2-A2D8-4875-B4C0-69517E7B8551}"
EndProject
Global
	GlobalSection(SolutionConfigurationPlatforms) = preSolution
		Debug|x64 = Debug|x64
		Debug|x86 = Debug|x86
		Release|x64 = Release|x64
		Release|x86 = Release|x86
	EndGlobalSection
	GlobalSection(ProjectConfigurationPlatforms) = postSolution
		{7E161BB2-305A-46A3-B7B1-9A7DF51618DC}.Debug|x64.ActiveCfg = Debug|x64
		{7E161BB2-305A-46A3-B7B1-9A7DF51618DC}.Debug|x64.Build.0 = Debug|x64
		{7E161BB2-305A-46A3-B7B1-9A7DF51618DC}.Debug|x86.ActiveCfg = Debug|Win32
		{7E161BB2-305A-46A3-B7B1-9A7DF51618DC}.Debug|x86.Build.0 = Debug|Win32
		{7E161BB2-305A-46A3-B7B1-9A7DF51618DC}.Release|x64.ActiveCfg = Release|x64
		{7E161BB2-305A-46A3-B7B1-9A7DF51618DC}.Release|x64.Build.0 = Release|x64
		{7E161BB2-305A-46A3-B7B1-9A7DF51618DC}.Release|x86.ActiveCfg = Release|Win32
		{7E161BB2-305A-46A3-B7B1-9A7DF51618DC}.Release|x86.Build.0 = Release|Win32
		{64BAB088-ED18-49CA-95E6-95DF8FF464BF}.Debug|x64.ActiveCfg = Debug|x64
		{64BAB088-ED18-49CA-95E6-95DF8FF464BF}.Debug|x64.Build.0 = Debug|x64
		{64BAB088-ED18-49CA-95E6-95DF8FF464BF}.Debug|x86.ActiveCfg = Debug|Win32
		{64BAB088-ED18-49CA-95E6-95DF8FF464BF}.Debug|x86.Build.0 = Debug|Win32
		{64BAB088-ED18-49CA-95E6-95DF8FF464BF}.Release|x64.ActiveCfg = Release|x64
		{64BAB088-ED18-49CA-95E6-95DF8FF464BF}.Release|x64.Build.0 = Release|x64
		{64BAB088-ED18-49CA-95E6-95DF8FF464BF}.Release|x86.ActiveCfg = Release|Win32
		{64BAB088-ED18-49CA-95E6-95DF8FF464BF}.Release|x86.Build.0 = Release|Win32
		{7C979127-0DBE-4486-A704-B0166DD6238C}.Debug|x64.ActiveCfg = Debug|x64
		{7C979127-0DBE-4486-A704-B0166DD6238C}.Debug|x64.Build.0 = Debug|x64
		{7C979127-0DBE-4486-A704-B0166DD6238C}.Debug|x86.ActiveCfg = Debug|Win32
		{7C979127-0DBE-4486-A704-B0166DD6238C}.Debug|x86.Build.0 = Debug|Win32
		{7C979127-0DBE-4486-A704-B0166DD6238C}.Release|x64.ActiveCfg = Release|x64
		{7C979127-0DBE-4486-A704-B0166DD6238C}.Release|x64.Build.0 = Release|x64
		{7C979127-0DBE-4486-A704-B0166DD6238C}.Release|x86.ActiveCfg = Release|Win32
		{7C979127-0DBE-4486-A704-B0166DD6238C}.Release|x86.Build.0 = Release|Win32
		{2DCC1640-1392-4821-9F03-7B2FD06AD92F}.Debug|x64.ActiveCfg = Debug|x64
		{2DCC1640-1392-4821-9F03-7B2FD06AD92F}.Debug|x64.Build.0 = Debug|x64
		{2DCC1640-1392-4821-9F03-7B2FD06AD92F}.Debug|x86.ActiveCfg = Debug|Win32
		{2DCC1640-1392-4821-9F03-7B2FD06AD92F}.Debug|x86.Build.0 = Debug|Win32
		{2DCC1640-1392-4821-9F03-7B2FD06AD92F}.Release|x64.ActiveCfg = Release|x64
		{2DCC1640-1392-4821-9F03-7B2FD06AD92F}.Release|x64.Build.0 = Release|x64
		{2DCC1640-1392-4821-9F03-7B2FD06AD92F}.Release|x86.ActiveCfg = Release|Win32
		{2DCC1640-1392-4821-9F03-7B2FD06AD92F}.Release|x86.Build.0 = Release|Win32
		{83860C17-E491-4A7B-988A-8BC40E296E82}.Debug|x64.ActiveCfg = Debug|x64
		{83860C17-E491-4A7B-988A-8BC40E296E82}.Debug|x64.Build.0 = Debug|x64
		{83860C17-E491-4A7B-988A-8BC40E296E82}.Debug|x86.ActiveCfg = Debug|Win32
		{83860C17-E491-4A7B-988A-8BC40E296E82}.Debug|x86.Build.0 = Debug|Win32
		{83860C17-E491-4A7B-988A-8BC40E296E82}.Release|x64.ActiveCfg = Release|x64
		{83860C17-E491-4A7B-988A-8BC40E296E82}.Release|x64.Build.0 = Release|x64
		{83860C17-E491-4A7B-988A-8BC40E296E82}.Release|x86.ActiveCfg = Release|Win32
		{83860C17-E491-4A7B-988A-8BC40E296E82}.Release|x86.Build.0 = Release|Win32
		{7EBC9928-CED9-4BBE-AE9F-E63259D520B9}.Debug|x64.ActiveCfg = Debug|x64
		{7EBC9928-CED9-4BBE-AE9F-E63259D520B9}.Debug|x64.Build.0 = Debug|x64
		{7EBC9928-CED9-4BBE-AE9F-E63259D520B9}.Debug|x86.ActiveCfg = Debug|Win32
		{7EBC9928-CED9-4BBE-AE9F-E63259D520B9}.Debug|x86.Build.0 = Debug|Win32
		{7EBC9928-CED9-4BBE-AE9F-E63259D520B9}.Release|x64.ActiveCfg = Release|x64
		{7EBC9928-CED9-4BBE-AE9F-E63259D520B9}.Release|x64.Build.0 = Release|x64
		{7EBC9928-CED9-4BBE-AE9F-E63259D520B9}.Release|x86.ActiveCfg = Release|Win32
		{7EBC9928-CED9-4BBE-AE9F-E63259D520B9}.Release|x86.Build.0 = Release|Win32
		{E680DD13-BBA3-482B-B961-3D7C4EC0E775}.Debug|x64.ActiveCfg = Debug|x64
		{E680DD13-BBA3-482B-B961-3D7C4EC0E775}.Debug|x64.Build.0 = Debug|x64
		{E680DD13-BBA3-482B-B961-3D7C4EC0E775}.Debug|x86.ActiveCfg = Debug|Win32
		{E680DD13-BBA3-482B-B961-3D7C4EC0E775}.Debug|x86.Build.0 = Debug|Win32
		{E680DD13-BBA3-482B-B961-3D7C4EC0E775}.Release|x64.ActiveCfg = Release|x64
		{E680DD13-BBA3-482B-B961-3D7C4EC0E775}.Release|x64.Build.0 = Release|x64
		{E680DD13-BBA3-482B-B961-3D7C4EC0E775}.Release|x86.ActiveCfg = Release|Win32
		{E680DD13-BBA3-482B-B961-3D7C4EC0E775}.Release|x86.Build.0 = Release|Win32
		{98D322B2-A2D8-4875-B4C0-69517E7B8551}.Debug|x64.ActiveCfg = Debug|x64
		{98D322B2-A2D8-4875-B4C0-69517E7B8551}.Debug|x64.Build.0 = Debug|x64
		{98D322B2-A2D8-4875-B4C0-69517E7B8551}.Debug|x86.ActiveCfg = Debug|Win32
		{98D322B2-A2D8-4875-B4C0-69517E7B8551}.Debug|x86.Build.0 = Debug|Win32
		{98D322B2-A2D8-4875-B4C0-69517E7B8551}.Release|x64.ActiveCfg = Release|x64
		{98D322B2-A2D8-4875-B4C0-69517E7B8551}.Release|x64.Build.0 = Release|x64
		{98D322B2-A2D8-4875-B4C0-69517E7B8551}.Release|x86.ActiveCfg = Release|Win32
		{98D322B2-A2D8-4875-B4C0-69517E7B8551}.Release|x86.Build.0 = Release|Win32
	EndGlobalSection
	GlobalSection(SolutionProperties) = preSolution
		HideSolutionNode = FALSE
	EndGlobalSection
	GlobalSection(NestedProjects) = preSolution
		{64BAB088-ED18-49CA-95E6-95DF8FF464BF} = {072411F1-730D-4CA1-B036-55E81E44DBAE}
		{7C979127-0DBE-4486-A704-B0166DD6238C} = {072411F1-730D-4CA1-B036-55E81E44DBAE}
		{2DCC1640-1392-4821-9F03-7B2FD06AD92F} = {72C8E39E-EC1C-4C15-8EE9-A63D8E07CE16}
		{83860C17-E491-4A7B-988A-8BC40E296E82} = {072411F1-730D-4CA1-B036-55E81E44DBAE}
		{7EBC9928-CED9-4BBE-AE9F-E63259D520B9} = {72C8E39E-EC1C-4C15-8EE9-A63D8E07CE16}
		{E680DD13-BBA3-482B-B961-3D7C4EC0E775} = {072411F1-730D-4CA1-B036-55E81E44DBAE}
		{98D322B2-A2D8-4875-B4C0-69517E7B8551} = {45EA73B0-3013-40D3-9B87-34DC3300478E}
	EndGlobalSection
	GlobalSection(ExtensibilityGlobals) = postSolution
		SolutionGuid = {5558A1B6-0245-49C6-9C70-65E92782B118}
	EndGlobalSection
EndGlobal
