
Microsoft Visual Studio Solution File, Format Version 12.00
# Visual Studio 15
VisualStudioVersion = 15.0.28307.902
MinimumVisualStudioVersion = 10.0.40219.1
Project("{8BC9CEB8-8B4A-11D0-8D11-00A0C91BC942}") = "MYEX", "MYEX\MYEX.vcxproj", "{7E161BB2-305A-46A3-B7B1-9A7DF51618DC}"
EndProject
Project("{8BC9CEB8-8B4A-11D0-8D11-00A0C91BC942}") = "MYEX_LIB", "MYEX_LIB\MYEX_LIB.vcxproj", "{64BAB088-ED18-49CA-95E6-95DF8FF464BF}"
EndProject
Project("{8BC9CEB8-8B4A-11D0-8D11-00A0C91BC942}") = "MYEX_DB", "MYEX_DB\MYEX_DB.vcxproj", "{7C979127-0DBE-4486-A704-B0166DD6238C}"
EndProject
Project("{8BC9CEB8-8B4A-11D0-8D11-00A0C91BC942}") = "MYEX_DLG", "MYEX_DLG\MYEX_DLG.vcxproj", "{2A115AE3-4119-4D05-8AA9-45714850F6D9}"
EndProject
Project("{2150E333-8FDC-42A3-9474-1A3956D46DE8}") = "Plugin", "Plugin", "{72C8E39E-EC1C-4C15-8EE9-A63D8E07CE16}"
EndProject
Project("{8BC9CEB8-8B4A-11D0-8D11-00A0C91BC942}") = "MYEX_GTEST", "MYEX_GTEST\MYEX_GTEST.vcxproj", "{2DCC1640-1392-4821-9F03-7B2FD06AD92F}"
EndProject
Global
	GlobalSection(SolutionConfigurationPlatforms) = preSolution
		Debug|x64 = Debug|x64
		Debug|x86 = Debug|x86
		Release|x64 = Release|x64
		Release|x86 = Release|x86
	EndGlobalSection
	GlobalSection(ProjectConfigurationPlatforms) = postSolution
		{7E161BB2-305A-46A3-B7B1-9A7DF51618DC}.Debug|x64.ActiveCfg = Debug|x64
		{7E161BB2-305A-46A3-B7B1-9A7DF51618DC}.Debug|x64.Build.0 = Debug|x64
		{7E161BB2-305A-46A3-B7B1-9A7DF51618DC}.Debug|x86.ActiveCfg = Debug|Win32
		{7E161BB2-305A-46A3-B7B1-9A7DF51618DC}.Debug|x86.Build.0 = Debug|Win32
		{7E161BB2-305A-46A3-B7B1-9A7DF51618DC}.Release|x64.ActiveCfg = Release|x64
		{7E161BB2-305A-46A3-B7B1-9A7DF51618DC}.Release|x64.Build.0 = Release|x64
		{7E161BB2-305A-46A3-B7B1-9A7DF51618DC}.Release|x86.ActiveCfg = Release|Win32
		{7E161BB2-305A-46A3-B7B1-9A7DF51618DC}.Release|x86.Build.0 = Release|Win32
		{64BAB088-ED18-49CA-95E6-95DF8FF464BF}.Debug|x64.ActiveCfg = Debug|x64
		{64BAB088-ED18-49CA-95E6-95DF8FF464BF}.Debug|x64.Build.0 = Debug|x64
		{64BAB088-ED18-49CA-95E6-95DF8FF464BF}.Debug|x86.ActiveCfg = Debug|Win32
		{64BAB088-ED18-49CA-95E6-95DF8FF464BF}.Debug|x86.Build.0 = Debug|Win32
		{64BAB088-ED18-49CA-95E6-95DF8FF464BF}.Release|x64.ActiveCfg = Release|x64
		{64BAB088-ED18-49CA-95E6-95DF8FF464BF}.Release|x64.Build.0 = Release|x64
		{64BAB088-ED18-49CA-95E6-95DF8FF464BF}.Release|x86.ActiveCfg = Release|Win32
		{64BAB088-ED18-49CA-95E6-95DF8FF464BF}.Release|x86.Build.0 = Release|Win32
		{7C979127-0DBE-4486-A704-B0166DD6238C}.Debug|x64.ActiveCfg = Debug|x64
		{7C979127-0DBE-4486-A704-B0166DD6238C}.Debug|x64.Build.0 = Debug|x64
		{7C979127-0DBE-4486-A704-B0166DD6238C}.Debug|x86.ActiveCfg = Debug|Win32
		{7C979127-0DBE-4486-A704-B0166DD6238C}.Debug|x86.Build.0 = Debug|Win32
		{7C979127-0DBE-4486-A704-B0166DD6238C}.Release|x64.ActiveCfg = Release|x64
		{7C979127-0DBE-4486-A704-B0166DD6238C}.Release|x64.Build.0 = Release|x64
		{7C979127-0DBE-4486-A704-B0166DD6238C}.Release|x86.ActiveCfg = Release|Win32
		{7C979127-0DBE-4486-A704-B0166DD6238C}.Release|x86.Build.0 = Release|Win32
		{2A115AE3-4119-4D05-8AA9-45714850F6D9}.Debug|x64.ActiveCfg = Debug|x64
		{2A115AE3-4119-4D05-8AA9-45714850F6D9}.Debug|x64.Build.0 = Debug|x64
		{2A115AE3-4119-4D05-8AA9-45714850F6D9}.Debug|x86.ActiveCfg = Debug|Win32
		{2A115AE3-4119-4D05-8AA9-45714850F6D9}.Debug|x86.Build.0 = Debug|Win32
		{2A115AE3-4119-4D05-8AA9-45714850F6D9}.Release|x64.ActiveCfg = Release|x64
		{2A115AE3-4119-4D05-8AA9-45714850F6D9}.Release|x64.Build.0 = Release|x64
		{2A115AE3-4119-4D05-8AA9-45714850F6D9}.Release|x86.ActiveCfg = Release|Win32
		{2A115AE3-4119-4D05-8AA9-45714850F6D9}.Release|x86.Build.0 = Release|Win32
		{2DCC1640-1392-4821-9F03-7B2FD06AD92F}.Debug|x64.ActiveCfg = Debug|x64
		{2DCC1640-1392-4821-9F03-7B2FD06AD92F}.Debug|x64.Build.0 = Debug|x64
		{2DCC1640-1392-4821-9F03-7B2FD06AD92F}.Debug|x86.ActiveCfg = Debug|Win32
		{2DCC1640-1392-4821-9F03-7B2FD06AD92F}.Debug|x86.Build.0 = Debug|Win32
		{2DCC1640-1392-4821-9F03-7B2FD06AD92F}.Release|x64.ActiveCfg = Release|x64
		{2DCC1640-1392-4821-9F03-7B2FD06AD92F}.Release|x64.Build.0 = Release|x64
		{2DCC1640-1392-4821-9F03-7B2FD06AD92F}.Release|x86.ActiveCfg = Release|Win32
		{2DCC1640-1392-4821-9F03-7B2FD06AD92F}.Release|x86.Build.0 = Release|Win32
	EndGlobalSection
	GlobalSection(SolutionProperties) = preSolution
		HideSolutionNode = FALSE
	EndGlobalSection
	GlobalSection(NestedProjects) = preSolution
		{2A115AE3-4119-4D05-8AA9-45714850F6D9} = {72C8E39E-EC1C-4C15-8EE9-A63D8E07CE16}
		{2DCC1640-1392-4821-9F03-7B2FD06AD92F} = {72C8E39E-EC1C-4C15-8EE9-A63D8E07CE16}
	EndGlobalSection
	GlobalSection(ExtensibilityGlobals) = postSolution
		SolutionGuid = {5558A1B6-0245-49C6-9C70-65E92782B118}
	EndGlobalSection
EndGlobal
