
Microsoft Visual Studio Solution File, Format Version 12.00
# Visual Studio 15
VisualStudioVersion = 15.0.28307.902
MinimumVisualStudioVersion = 10.0.40219.1
Project("{8BC9CEB8-8B4A-11D0-8D11-00A0C91BC942}") = "MYEX", "MYEX\MYEX.vcxproj", "{7E161BB2-305A-46A3-B7B1-9A7DF51618DC}"
EndProject
Project("{2150E333-8FDC-42A3-9474-1A3956D46DE8}") = "02. Plugin", "02. Plugin", "{72C8E39E-EC1C-4C15-8EE9-A63D8E07CE16}"
EndProject
Project("{2150E333-8FDC-42A3-9474-1A3956D46DE8}") = "00. Engine", "00. Engine", "{072411F1-730D-4CA1-B036-55E81E44DBAE}"
EndProject
Project("{2150E333-8FDC-42A3-9474-1A3956D46DE8}") = "01. Application", "01. Application", "{45EA73B0-3013-40D3-9B87-34DC3300478E}"
EndProject
Project("{8BC9CEB8-8B4A-11D0-8D11-00A0C91BC942}") = "MYEX_BASE", "MYEX_BASE\MYEX_BASE.vcxproj", "{83860C17-E491-4A7B-988A-8BC40E296E82}"
EndProject
Project("{8BC9CEB8-8B4A-11D0-8D11-00A0C91BC942}") = "MYAPP_UI", "MYAPP_UI\MYAPP_UI.vcxproj", "{98D322B2-A2D8-4875-B4C0-69517E7B8551}"
EndProject
Project("{8BC9CEB8-8B4A-11D0-8D11-00A0C91BC942}") = "MYAPP_BASE", "MYAPP_BASE\MYAPP_BASE.vcxproj", "{326ECF5D-B6EB-4DA3-99AE-4E757796841F}"
EndProject
Project("{8BC9CEB8-8B4A-11D0-8D11-00A0C91BC942}") = "MYPLG_UI", "MYPLG_UI\MYPLG_UI.vcxproj", "{B793B9F0-ABAC-46A7-B426-1AC85DAF4280}"
EndProject
Project("{8BC9CEB8-8B4A-11D0-8D11-00A0C91BC942}") = "MYPLG_GTEST", "MYPLG_GTEST\MYPLG_GTEST.vcxproj", "{403A43A6-C571-4AF9-82EB-D7C53D89C6C7}"
EndProject
Project("{8BC9CEB8-8B4A-11D0-8D11-00A0C91BC942}") = "MYENG_LIB", "MYENG_LIB\MYENG_LIB.vcxproj", "{B691A75F-2E26-4AAD-A156-9461C7071BBB}"
EndProject
Project("{8BC9CEB8-8B4A-11D0-8D11-00A0C91BC942}") = "MYENG_GL", "MYENG_GL\MYENG_GL.vcxproj", "{53B57819-5E82-4D5F-BD67-40673DCEDB74}"
EndProject
Project("{8BC9CEB8-8B4A-11D0-8D11-00A0C91BC942}") = "MYENG_DB", "MYENG_DB\MYENG_DB.vcxproj", "{22335F3D-9426-4EA8-B90F-C2F65428E4F9}"
EndProject
Global
	GlobalSection(SolutionConfigurationPlatforms) = preSolution
		Debug|x64 = Debug|x64
		Debug|x86 = Debug|x86
		Release|x64 = Release|x64
		Release|x86 = Release|x86
	EndGlobalSection
	GlobalSection(ProjectConfigurationPlatforms) = postSolution
		{7E161BB2-305A-46A3-B7B1-9A7DF51618DC}.Debug|x64.ActiveCfg = Debug|x64
		{7E161BB2-305A-46A3-B7B1-9A7DF51618DC}.Debug|x64.Build.0 = Debug|x64
		{7E161BB2-305A-46A3-B7B1-9A7DF51618DC}.Debug|x86.ActiveCfg = Debug|Win32
		{7E161BB2-305A-46A3-B7B1-9A7DF51618DC}.Debug|x86.Build.0 = Debug|Win32
		{7E161BB2-305A-46A3-B7B1-9A7DF51618DC}.Release|x64.ActiveCfg = Release|x64
		{7E161BB2-305A-46A3-B7B1-9A7DF51618DC}.Release|x64.Build.0 = Release|x64
		{7E161BB2-305A-46A3-B7B1-9A7DF51618DC}.Release|x86.ActiveCfg = Release|Win32
		{7E161BB2-305A-46A3-B7B1-9A7DF51618DC}.Release|x86.Build.0 = Release|Win32
		{83860C17-E491-4A7B-988A-8BC40E296E82}.Debug|x64.ActiveCfg = Debug|x64
		{83860C17-E491-4A7B-988A-8BC40E296E82}.Debug|x64.Build.0 = Debug|x64
		{83860C17-E491-4A7B-988A-8BC40E296E82}.Debug|x86.ActiveCfg = Debug|Win32
		{83860C17-E491-4A7B-988A-8BC40E296E82}.Debug|x86.Build.0 = Debug|Win32
		{83860C17-E491-4A7B-988A-8BC40E296E82}.Release|x64.ActiveCfg = Release|x64
		{83860C17-E491-4A7B-988A-8BC40E296E82}.Release|x64.Build.0 = Release|x64
		{83860C17-E491-4A7B-988A-8BC40E296E82}.Release|x86.ActiveCfg = Release|Win32
		{83860C17-E491-4A7B-988A-8BC40E296E82}.Release|x86.Build.0 = Release|Win32
		{98D322B2-A2D8-4875-B4C0-69517E7B8551}.Debug|x64.ActiveCfg = Debug|x64
		{98D322B2-A2D8-4875-B4C0-69517E7B8551}.Debug|x64.Build.0 = Debug|x64
		{98D322B2-A2D8-4875-B4C0-69517E7B8551}.Debug|x86.ActiveCfg = Debug|Win32
		{98D322B2-A2D8-4875-B4C0-69517E7B8551}.Debug|x86.Build.0 = Debug|Win32
		{98D322B2-A2D8-4875-B4C0-69517E7B8551}.Release|x64.ActiveCfg = Release|x64
		{98D322B2-A2D8-4875-B4C0-69517E7B8551}.Release|x64.Build.0 = Release|x64
		{98D322B2-A2D8-4875-B4C0-69517E7B8551}.Release|x86.ActiveCfg = Release|Win32
		{98D322B2-A2D8-4875-B4C0-69517E7B8551}.Release|x86.Build.0 = Release|Win32
		{326ECF5D-B6EB-4DA3-99AE-4E757796841F}.Debug|x64.ActiveCfg = Debug|x64
		{326ECF5D-B6EB-4DA3-99AE-4E757796841F}.Debug|x64.Build.0 = Debug|x64
		{326ECF5D-B6EB-4DA3-99AE-4E757796841F}.Debug|x86.ActiveCfg = Debug|Win32
		{326ECF5D-B6EB-4DA3-99AE-4E757796841F}.Debug|x86.Build.0 = Debug|Win32
		{326ECF5D-B6EB-4DA3-99AE-4E757796841F}.Release|x64.ActiveCfg = Release|x64
		{326ECF5D-B6EB-4DA3-99AE-4E757796841F}.Release|x64.Build.0 = Release|x64
		{326ECF5D-B6EB-4DA3-99AE-4E757796841F}.Release|x86.ActiveCfg = Release|Win32
		{326ECF5D-B6EB-4DA3-99AE-4E757796841F}.Release|x86.Build.0 = Release|Win32
		{B793B9F0-ABAC-46A7-B426-1AC85DAF4280}.Debug|x64.ActiveCfg = Debug|x64
		{B793B9F0-ABAC-46A7-B426-1AC85DAF4280}.Debug|x64.Build.0 = Debug|x64
		{B793B9F0-ABAC-46A7-B426-1AC85DAF4280}.Debug|x86.ActiveCfg = Debug|Win32
		{B793B9F0-ABAC-46A7-B426-1AC85DAF4280}.Debug|x86.Build.0 = Debug|Win32
		{B793B9F0-ABAC-46A7-B426-1AC85DAF4280}.Release|x64.ActiveCfg = Release|x64
		{B793B9F0-ABAC-46A7-B426-1AC85DAF4280}.Release|x64.Build.0 = Release|x64
		{B793B9F0-ABAC-46A7-B426-1AC85DAF4280}.Release|x86.ActiveCfg = Release|Win32
		{B793B9F0-ABAC-46A7-B426-1AC85DAF4280}.Release|x86.Build.0 = Release|Win32
		{403A43A6-C571-4AF9-82EB-D7C53D89C6C7}.Debug|x64.ActiveCfg = Debug|x64
		{403A43A6-C571-4AF9-82EB-D7C53D89C6C7}.Debug|x64.Build.0 = Debug|x64
		{403A43A6-C571-4AF9-82EB-D7C53D89C6C7}.Debug|x86.ActiveCfg = Debug|Win32
		{403A43A6-C571-4AF9-82EB-D7C53D89C6C7}.Debug|x86.Build.0 = Debug|Win32
		{403A43A6-C571-4AF9-82EB-D7C53D89C6C7}.Release|x64.ActiveCfg = Release|x64
		{403A43A6-C571-4AF9-82EB-D7C53D89C6C7}.Release|x64.Build.0 = Release|x64
		{403A43A6-C571-4AF9-82EB-D7C53D89C6C7}.Release|x86.ActiveCfg = Release|Win32
		{403A43A6-C571-4AF9-82EB-D7C53D89C6C7}.Release|x86.Build.0 = Release|Win32
		{B691A75F-2E26-4AAD-A156-9461C7071BBB}.Debug|x64.ActiveCfg = Debug|x64
		{B691A75F-2E26-4AAD-A156-9461C7071BBB}.Debug|x64.Build.0 = Debug|x64
		{B691A75F-2E26-4AAD-A156-9461C7071BBB}.Debug|x86.ActiveCfg = Debug|Win32
		{B691A75F-2E26-4AAD-A156-9461C7071BBB}.Debug|x86.Build.0 = Debug|Win32
		{B691A75F-2E26-4AAD-A156-9461C7071BBB}.Release|x64.ActiveCfg = Release|x64
		{B691A75F-2E26-4AAD-A156-9461C7071BBB}.Release|x64.Build.0 = Release|x64
		{B691A75F-2E26-4AAD-A156-9461C7071BBB}.Release|x86.ActiveCfg = Release|Win32
		{B691A75F-2E26-4AAD-A156-9461C7071BBB}.Release|x86.Build.0 = Release|Win32
		{53B57819-5E82-4D5F-BD67-40673DCEDB74}.Debug|x64.ActiveCfg = Debug|x64
		{53B57819-5E82-4D5F-BD67-40673DCEDB74}.Debug|x64.Build.0 = Debug|x64
		{53B57819-5E82-4D5F-BD67-40673DCEDB74}.Debug|x86.ActiveCfg = Debug|Win32
		{53B57819-5E82-4D5F-BD67-40673DCEDB74}.Debug|x86.Build.0 = Debug|Win32
		{53B57819-5E82-4D5F-BD67-40673DCEDB74}.Release|x64.ActiveCfg = Release|x64
		{53B57819-5E82-4D5F-BD67-40673DCEDB74}.Release|x64.Build.0 = Release|x64
		{53B57819-5E82-4D5F-BD67-40673DCEDB74}.Release|x86.ActiveCfg = Release|Win32
		{53B57819-5E82-4D5F-BD67-40673DCEDB74}.Release|x86.Build.0 = Release|Win32
		{22335F3D-9426-4EA8-B90F-C2F65428E4F9}.Debug|x64.ActiveCfg = Debug|x64
		{22335F3D-9426-4EA8-B90F-C2F65428E4F9}.Debug|x64.Build.0 = Debug|x64
		{22335F3D-9426-4EA8-B90F-C2F65428E4F9}.Debug|x86.ActiveCfg = Debug|Win32
		{22335F3D-9426-4EA8-B90F-C2F65428E4F9}.Debug|x86.Build.0 = Debug|Win32
		{22335F3D-9426-4EA8-B90F-C2F65428E4F9}.Release|x64.ActiveCfg = Release|x64
		{22335F3D-9426-4EA8-B90F-C2F65428E4F9}.Release|x64.Build.0 = Release|x64
		{22335F3D-9426-4EA8-B90F-C2F65428E4F9}.Release|x86.ActiveCfg = Release|Win32
		{22335F3D-9426-4EA8-B90F-C2F65428E4F9}.Release|x86.Build.0 = Release|Win32
	EndGlobalSection
	GlobalSection(SolutionProperties) = preSolution
		HideSolutionNode = FALSE
	EndGlobalSection
	GlobalSection(NestedProjects) = preSolution
		{83860C17-E491-4A7B-988A-8BC40E296E82} = {072411F1-730D-4CA1-B036-55E81E44DBAE}
		{98D322B2-A2D8-4875-B4C0-69517E7B8551} = {45EA73B0-3013-40D3-9B87-34DC3300478E}
		{326ECF5D-B6EB-4DA3-99AE-4E757796841F} = {45EA73B0-3013-40D3-9B87-34DC3300478E}
		{B793B9F0-ABAC-46A7-B426-1AC85DAF4280} = {72C8E39E-EC1C-4C15-8EE9-A63D8E07CE16}
		{403A43A6-C571-4AF9-82EB-D7C53D89C6C7} = {72C8E39E-EC1C-4C15-8EE9-A63D8E07CE16}
		{B691A75F-2E26-4AAD-A156-9461C7071BBB} = {072411F1-730D-4CA1-B036-55E81E44DBAE}
		{53B57819-5E82-4D5F-BD67-40673DCEDB74} = {072411F1-730D-4CA1-B036-55E81E44DBAE}
		{22335F3D-9426-4EA8-B90F-C2F65428E4F9} = {072411F1-730D-4CA1-B036-55E81E44DBAE}
	EndGlobalSection
	GlobalSection(ExtensibilityGlobals) = postSolution
		SolutionGuid = {5558A1B6-0245-49C6-9C70-65E92782B118}
	EndGlobalSection
EndGlobal
