<?xml version="1.0" encoding="utf-8"?>
<Project ToolsVersion="4.0" xmlns="http://schemas.microsoft.com/developer/msbuild/2003">
  <ItemGroup>
    <Filter Include="__GLOBAL__">
      <UniqueIdentifier>{9c282bfa-a0e8-4f86-ae42-34b258b5c785}</UniqueIdentifier>
    </Filter>
    <Filter Include="__GLOBAL__\FILE">
      <UniqueIdentifier>{2b63ec87-7f21-4cc7-8fc1-cf84d5ba708b}</UniqueIdentifier>
    </Filter>
    <Filter Include="__GLOBAL__\RC">
      <UniqueIdentifier>{5830fd1a-af89-407a-865a-0eb544d71ffb}</UniqueIdentifier>
    </Filter>
    <Filter Include="Plugin">
      <UniqueIdentifier>{7a1d3e14-af7f-4c4d-ae3a-0d4a750aaed3}</UniqueIdentifier>
    </Filter>
    <Filter Include="TESTCASE">
      <UniqueIdentifier>{6ec505ec-d4cc-43a0-a13a-33f1cb6c17b9}</UniqueIdentifier>
    </Filter>
  </ItemGroup>
  <ItemGroup>
    <ClCompile Include="stdafx.cpp">
      <Filter>__GLOBAL__</Filter>
    </ClCompile>
    <ClCompile Include="GoogleTestHelper.cpp" />
    <ClCompile Include="PluginHandler.cpp">
      <Filter>Plugin</Filter>
    </ClCompile>
    <ClCompile Include="dllmain.cpp">
      <Filter>__GLOBAL__</Filter>
    </ClCompile>
    <ClCompile Include="TCExample.cpp">
      <Filter>TESTCASE</Filter>
    </ClCompile>
  </ItemGroup>
  <ItemGroup>
    <None Include="res\MYEX_GTEST.rc2">
      <Filter>__GLOBAL__\RC</Filter>
    </None>
    <None Include="MYEX_GTEST.def">
      <Filter>__GLOBAL__</Filter>
    </None>
  </ItemGroup>
  <ItemGroup>
    <ClInclude Include="Resource.h">
      <Filter>__GLOBAL__\RC</Filter>
    </ClInclude>
    <ClInclude Include="stdafx.h">
      <Filter>__GLOBAL__</Filter>
    </ClInclude>
    <ClInclude Include="targetver.h">
      <Filter>__GLOBAL__</Filter>
    </ClInclude>
    <ClInclude Include="LinkLib.h">
      <Filter>__GLOBAL__</Filter>
    </ClInclude>
    <ClInclude Include="GoogleTestHelper.h" />
    <ClInclude Include="PluginHandler.h">
      <Filter>Plugin</Filter>
    </ClInclude>
    <ClInclude Include="PluginResManager.h">
      <Filter>Plugin</Filter>
    </ClInclude>
    <ClInclude Include="TCExample.h">
      <Filter>TESTCASE</Filter>
    </ClInclude>
  </ItemGroup>
  <ItemGroup>
    <ResourceCompile Include="MYEX_GTEST.rc">
      <Filter>__GLOBAL__\RC</Filter>
    </ResourceCompile>
  </ItemGroup>
</Project>